
Microsoft Visual Studio Solution File, Format Version 12.00
# Visual Studio Version 17
VisualStudioVersion = 17.14.36401.2 d17.14
MinimumVisualStudioVersion = 10.0.40219.1
Project("{FAE04EC0-301F-11D3-BF4B-00C04F79EFBC}") = "Exercicios11-08-25", "Exercicios11-08-25\Exercicios11-08-25.csproj", "{D623FD8A-41AB-4815-9683-02C30D33D081}"
EndProject
Global
	GlobalSection(SolutionConfigurationPlatforms) = preSolution
		Debug|Any CPU = Debug|Any CPU
		Release|Any CPU = Release|Any CPU
	EndGlobalSection
	GlobalSection(ProjectConfigurationPlatforms) = postSolution
		{D623FD8A-41AB-4815-9683-02C30D33D081}.Debug|Any CPU.ActiveCfg = Debug|Any CPU
		{D623FD8A-41AB-4815-9683-02C30D33D081}.Debug|Any CPU.Build.0 = Debug|Any CPU
		{D623FD8A-41AB-4815-9683-02C30D33D081}.Release|Any CPU.ActiveCfg = Release|Any CPU
		{D623FD8A-41AB-4815-9683-02C30D33D081}.Release|Any CPU.Build.0 = Release|Any CPU
	EndGlobalSection
	GlobalSection(SolutionProperties) = preSolution
		HideSolutionNode = FALSE
	EndGlobalSection
	GlobalSection(ExtensibilityGlobals) = postSolution
		SolutionGuid = {1216A7DE-E0DB-4B52-8EE5-1517888379B2}
	EndGlobalSection
EndGlobal
